
Microsoft Visual Studio Solution File, Format Version 12.00
# Visual Studio 15
VisualStudioVersion = 15.0.28307.705
MinimumVisualStudioVersion = 10.0.40219.1
Project("{8BC9CEB8-8B4A-11D0-8D11-00A0C91BC942}") = "SuperRW", "SuperRW\SuperRW.vcxproj", "{1409F09B-88F6-4FD3-B73F-25CF82196468}"
EndProject
Project("{8BC9CEB8-8B4A-11D0-8D11-00A0C91BC942}") = "SuperRW-R3", "SuperRW-R3\SuperRW-R3.vcxproj", "{FA28A382-B822-4A2E-B5E9-5660D06AD939}"
EndProject
Project("{8BC9CEB8-8B4A-11D0-8D11-00A0C91BC942}") = "TargetProcess", "TargetProcess\TargetProcess.vcxproj", "{0F597F14-14AC-46A9-BDDF-1A42ABFA89BF}"
EndProject
Project("{8BC9CEB8-8B4A-11D0-8D11-00A0C91BC942}") = "Reader", "Reader\Reader.vcxproj", "{E81E7A64-0A13-4EAF-A784-6ABC6031797F}"
EndProject
Global
	GlobalSection(SolutionConfigurationPlatforms) = preSolution
		Debug|ARM = Debug|ARM
		Debug|ARM64 = Debug|ARM64
		Debug|x64 = Debug|x64
		Debug|x86 = Debug|x86
		Release|ARM = Release|ARM
		Release|ARM64 = Release|ARM64
		Release|x64 = Release|x64
		Release|x86 = Release|x86
	EndGlobalSection
	GlobalSection(ProjectConfigurationPlatforms) = postSolution
		{1409F09B-88F6-4FD3-B73F-25CF82196468}.Debug|ARM.ActiveCfg = Debug|ARM
		{1409F09B-88F6-4FD3-B73F-25CF82196468}.Debug|ARM.Build.0 = Debug|ARM
		{1409F09B-88F6-4FD3-B73F-25CF82196468}.Debug|ARM.Deploy.0 = Debug|ARM
		{1409F09B-88F6-4FD3-B73F-25CF82196468}.Debug|ARM64.ActiveCfg = Debug|ARM64
		{1409F09B-88F6-4FD3-B73F-25CF82196468}.Debug|ARM64.Build.0 = Debug|ARM64
		{1409F09B-88F6-4FD3-B73F-25CF82196468}.Debug|ARM64.Deploy.0 = Debug|ARM64
		{1409F09B-88F6-4FD3-B73F-25CF82196468}.Debug|x64.ActiveCfg = Debug|x64
		{1409F09B-88F6-4FD3-B73F-25CF82196468}.Debug|x64.Build.0 = Debug|x64
		{1409F09B-88F6-4FD3-B73F-25CF82196468}.Debug|x64.Deploy.0 = Debug|x64
		{1409F09B-88F6-4FD3-B73F-25CF82196468}.Debug|x86.ActiveCfg = Debug|Win32
		{1409F09B-88F6-4FD3-B73F-25CF82196468}.Debug|x86.Build.0 = Debug|Win32
		{1409F09B-88F6-4FD3-B73F-25CF82196468}.Debug|x86.Deploy.0 = Debug|Win32
		{1409F09B-88F6-4FD3-B73F-25CF82196468}.Release|ARM.ActiveCfg = Release|ARM
		{1409F09B-88F6-4FD3-B73F-25CF82196468}.Release|ARM.Build.0 = Release|ARM
		{1409F09B-88F6-4FD3-B73F-25CF82196468}.Release|ARM.Deploy.0 = Release|ARM
		{1409F09B-88F6-4FD3-B73F-25CF82196468}.Release|ARM64.ActiveCfg = Release|ARM64
		{1409F09B-88F6-4FD3-B73F-25CF82196468}.Release|ARM64.Build.0 = Release|ARM64
		{1409F09B-88F6-4FD3-B73F-25CF82196468}.Release|ARM64.Deploy.0 = Release|ARM64
		{1409F09B-88F6-4FD3-B73F-25CF82196468}.Release|x64.ActiveCfg = Release|x64
		{1409F09B-88F6-4FD3-B73F-25CF82196468}.Release|x64.Build.0 = Release|x64
		{1409F09B-88F6-4FD3-B73F-25CF82196468}.Release|x64.Deploy.0 = Release|x64
		{1409F09B-88F6-4FD3-B73F-25CF82196468}.Release|x86.ActiveCfg = Release|Win32
		{1409F09B-88F6-4FD3-B73F-25CF82196468}.Release|x86.Build.0 = Release|Win32
		{1409F09B-88F6-4FD3-B73F-25CF82196468}.Release|x86.Deploy.0 = Release|Win32
		{FA28A382-B822-4A2E-B5E9-5660D06AD939}.Debug|ARM.ActiveCfg = Debug|Win32
		{FA28A382-B822-4A2E-B5E9-5660D06AD939}.Debug|ARM64.ActiveCfg = Debug|Win32
		{FA28A382-B822-4A2E-B5E9-5660D06AD939}.Debug|x64.ActiveCfg = Debug|x64
		{FA28A382-B822-4A2E-B5E9-5660D06AD939}.Debug|x64.Build.0 = Debug|x64
		{FA28A382-B822-4A2E-B5E9-5660D06AD939}.Debug|x86.ActiveCfg = Debug|Win32
		{FA28A382-B822-4A2E-B5E9-5660D06AD939}.Debug|x86.Build.0 = Debug|Win32
		{FA28A382-B822-4A2E-B5E9-5660D06AD939}.Release|ARM.ActiveCfg = Release|Win32
		{FA28A382-B822-4A2E-B5E9-5660D06AD939}.Release|ARM64.ActiveCfg = Release|Win32
		{FA28A382-B822-4A2E-B5E9-5660D06AD939}.Release|x64.ActiveCfg = Release|x64
		{FA28A382-B822-4A2E-B5E9-5660D06AD939}.Release|x64.Build.0 = Release|x64
		{FA28A382-B822-4A2E-B5E9-5660D06AD939}.Release|x86.ActiveCfg = Release|Win32
		{FA28A382-B822-4A2E-B5E9-5660D06AD939}.Release|x86.Build.0 = Release|Win32
		{0F597F14-14AC-46A9-BDDF-1A42ABFA89BF}.Debug|ARM.ActiveCfg = Debug|Win32
		{0F597F14-14AC-46A9-BDDF-1A42ABFA89BF}.Debug|ARM64.ActiveCfg = Debug|Win32
		{0F597F14-14AC-46A9-BDDF-1A42ABFA89BF}.Debug|x64.ActiveCfg = Debug|x64
		{0F597F14-14AC-46A9-BDDF-1A42ABFA89BF}.Debug|x64.Build.0 = Debug|x64
		{0F597F14-14AC-46A9-BDDF-1A42ABFA89BF}.Debug|x86.ActiveCfg = Debug|Win32
		{0F597F14-14AC-46A9-BDDF-1A42ABFA89BF}.Debug|x86.Build.0 = Debug|Win32
		{0F597F14-14AC-46A9-BDDF-1A42ABFA89BF}.Release|ARM.ActiveCfg = Release|Win32
		{0F597F14-14AC-46A9-BDDF-1A42ABFA89BF}.Release|ARM64.ActiveCfg = Release|Win32
		{0F597F14-14AC-46A9-BDDF-1A42ABFA89BF}.Release|x64.ActiveCfg = Release|x64
		{0F597F14-14AC-46A9-BDDF-1A42ABFA89BF}.Release|x64.Build.0 = Release|x64
		{0F597F14-14AC-46A9-BDDF-1A42ABFA89BF}.Release|x86.ActiveCfg = Release|Win32
		{0F597F14-14AC-46A9-BDDF-1A42ABFA89BF}.Release|x86.Build.0 = Release|Win32
		{E81E7A64-0A13-4EAF-A784-6ABC6031797F}.Debug|ARM.ActiveCfg = Debug|Win32
		{E81E7A64-0A13-4EAF-A784-6ABC6031797F}.Debug|ARM64.ActiveCfg = Debug|Win32
		{E81E7A64-0A13-4EAF-A784-6ABC6031797F}.Debug|x64.ActiveCfg = Debug|x64
		{E81E7A64-0A13-4EAF-A784-6ABC6031797F}.Debug|x64.Build.0 = Debug|x64
		{E81E7A64-0A13-4EAF-A784-6ABC6031797F}.Debug|x86.ActiveCfg = Debug|Win32
		{E81E7A64-0A13-4EAF-A784-6ABC6031797F}.Debug|x86.Build.0 = Debug|Win32
		{E81E7A64-0A13-4EAF-A784-6ABC6031797F}.Release|ARM.ActiveCfg = Release|Win32
		{E81E7A64-0A13-4EAF-A784-6ABC6031797F}.Release|ARM64.ActiveCfg = Release|Win32
		{E81E7A64-0A13-4EAF-A784-6ABC6031797F}.Release|x64.ActiveCfg = Release|x64
		{E81E7A64-0A13-4EAF-A784-6ABC6031797F}.Release|x64.Build.0 = Release|x64
		{E81E7A64-0A13-4EAF-A784-6ABC6031797F}.Release|x86.ActiveCfg = Release|Win32
		{E81E7A64-0A13-4EAF-A784-6ABC6031797F}.Release|x86.Build.0 = Release|Win32
	EndGlobalSection
	GlobalSection(SolutionProperties) = preSolution
		HideSolutionNode = FALSE
	EndGlobalSection
	GlobalSection(ExtensibilityGlobals) = postSolution
		SolutionGuid = {2E67F79F-698F-45F0-A65E-DDE3C594460E}
	EndGlobalSection
EndGlobal
